hash: 3e0c37117b539982998f93c4230d5a67a3040be1cd5cbfeb22cbd942c8ca6161
updated: 2016-04-20T12:12:14.882668914-04:00
imports:
- name: github.com/aws/aws-sdk-go
  version: d17da62685915c25ab5b429b1d1e5b67faa98ac2
  subpackages:
  - aws/ec2metadata
  - aws/session
  - service/iam
  - service/ec2
  - aws
- name: github.com/Sirupsen/logrus
  version: 081307d9bc1364753142d5962fc1d795c742baaf
devImports: []
